
Microsoft Visual Studio Solution File, Format Version 12.00
# Visual Studio Version 17
VisualStudioVersion = 17.0.31912.275
MinimumVisualStudioVersion = 10.0.40219.1
Project("{FAE04EC0-301F-11D3-BF4B-00C04F79EFBC}") = "aoc2023", "aoc2024\aoc2024.csproj", "{104CBA43-6523-443F-9C72-11B6516222BF}"
EndProject
Global
	GlobalSection(SolutionConfigurationPlatforms) = preSolution
		Debug|Any CPU = Debug|Any CPU
		Release|Any CPU = Release|Any CPU
	EndGlobalSection
	GlobalSection(ProjectConfigurationPlatforms) = postSolution
		{104CBA43-6523-443F-9C72-11B6516222BF}.Debug|Any CPU.ActiveCfg = Debug|Any CPU
		{104CBA43-6523-443F-9C72-11B6516222BF}.Debug|Any CPU.Build.0 = Debug|Any CPU
		{104CBA43-6523-443F-9C72-11B6516222BF}.Release|Any CPU.ActiveCfg = Release|Any CPU
		{104CBA43-6523-443F-9C72-11B6516222BF}.Release|Any CPU.Build.0 = Release|Any CPU
	EndGlobalSection
	GlobalSection(SolutionProperties) = preSolution
		HideSolutionNode = FALSE
	EndGlobalSection
	GlobalSection(ExtensibilityGlobals) = postSolution
		SolutionGuid = {6C713FCB-1AAD-45AA-BA9E-804B1E75DD69}
	EndGlobalSection
EndGlobal
